// !$*UTF8*$!
{
	archiveVersion = 1;
	classes = {
	};
	objectVersion = 46;
	objects = {

/* Begin PBXBuildFile section */
		237FE26519EC73AF005C8BEE /* main.m in Sources */ = {isa = PBXBuildFile; fileRef = 237FE26419EC73AF005C8BEE /* main.m */; };
		237FE26819EC73AF005C8BEE /* AppDelegate.m in Sources */ = {isa = PBXBuildFile; fileRef = 237FE26719EC73AF005C8BEE /* AppDelegate.m */; };
		237FE26E19EC73AF005C8BEE /* Main.storyboard in Resources */ = {isa = PBXBuildFile; fileRef = 237FE26C19EC73AF005C8BEE /* Main.storyboard */; };
		237FE27019EC73AF005C8BEE /* Images.xcassets in Resources */ = {isa = PBXBuildFile; fileRef = 237FE26F19EC73AF005C8BEE /* Images.xcassets */; };
		237FE27319EC73AF005C8BEE /* LaunchScreen.xib in Resources */ = {isa = PBXBuildFile; fileRef = 237FE27119EC73AF005C8BEE /* LaunchScreen.xib */; };
		237FE27F19EC73AF005C8BEE /* RottenTomatoesDemoTests.m in Sources */ = {isa = PBXBuildFile; fileRef = 237FE27E19EC73AF005C8BEE /* RottenTomatoesDemoTests.m */; };
		237FE28C19EC73D9005C8BEE /* MovieIndexViewController.m in Sources */ = {isa = PBXBuildFile; fileRef = 237FE28A19EC73D9005C8BEE /* MovieIndexViewController.m */; };
		237FE28D19EC73D9005C8BEE /* MovieIndexViewController.xib in Resources */ = {isa = PBXBuildFile; fileRef = 237FE28B19EC73D9005C8BEE /* MovieIndexViewController.xib */; };
		237FE29219EC77F1005C8BEE /* MovieTableViewCell.m in Sources */ = {isa = PBXBuildFile; fileRef = 237FE29019EC77F1005C8BEE /* MovieTableViewCell.m */; };
		237FE29319EC77F1005C8BEE /* MovieTableViewCell.xib in Resources */ = {isa = PBXBuildFile; fileRef = 237FE29119EC77F1005C8BEE /* MovieTableViewCell.xib */; };
		237FE29819EC8053005C8BEE /* MovieDetailViewController.m in Sources */ = {isa = PBXBuildFile; fileRef = 237FE29619EC8053005C8BEE /* MovieDetailViewController.m */; };
		237FE29919EC8053005C8BEE /* MovieDetailViewController.xib in Resources */ = {isa = PBXBuildFile; fileRef = 237FE29719EC8053005C8BEE /* MovieDetailViewController.xib */; };
		3E2F9E89EE1FEB2668269A4A /* libPods.a in Frameworks */ = {isa = PBXBuildFile; fileRef = 1E240349A66D90FA3D35F3DC /* libPods.a */; };
/* End PBXBuildFile section */

/* Begin PBXContainerItemProxy section */
		237FE27919EC73AF005C8BEE /* PBXContainerItemProxy */ = {
			isa = PBXContainerItemProxy;
			containerPortal = 237FE25719EC73AF005C8BEE /* Project object */;
			proxyType = 1;
			remoteGlobalIDString = 237FE25E19EC73AF005C8BEE;
			remoteInfo = RottenTomatoesDemo;
		};
/* End PBXContainerItemProxy section */

/* Begin PBXFileReference section */
		00BA6E7C9F7579426CA63B0E /* Pods.release.xcconfig */ = {isa = PBXFileReference; includeInIndex = 1; lastKnownFileType = text.xcconfig; name = Pods.release.xcconfig; path = "Pods/Target Support Files/Pods/Pods.release.xcconfig"; sourceTree = "<group>"; };
		1E240349A66D90FA3D35F3DC /* libPods.a */ = {isa = PBXFileReference; explicitFileType = archive.ar; includeInIndex = 0; path = libPods.a; sourceTree = BUILT_PRODUCTS_DIR; };
		237FE25F19EC73AF005C8BEE /* RottenTomatoesDemo.app */ = {isa = PBXFileReference; explicitFileType = wrapper.application; includeInIndex = 0; path = RottenTomatoesDemo.app; sourceTree = BUILT_PRODUCTS_DIR; };
		237FE26319EC73AF005C8BEE /* Info.plist */ = {isa = PBXFileReference; lastKnownFileType = text.plist.xml; path = Info.plist; sourceTree = "<group>"; };
		237FE26419EC73AF005C8BEE /* main.m */ = {isa = PBXFileReference; lastKnownFileType = sourcecode.c.objc; path = main.m; sourceTree = "<group>"; };
		237FE26619EC73AF005C8BEE /* AppDelegate.h */ = {isa = PBXFileReference; lastKnownFileType = sourcecode.c.h; path = AppDelegate.h; sourceTree = "<group>"; };
		237FE26719EC73AF005C8BEE /* AppDelegate.m */ = {isa = PBXFileReference; lastKnownFileType = sourcecode.c.objc; path = AppDelegate.m; sourceTree = "<group>"; };
		237FE26D19EC73AF005C8BEE /* Base */ = {isa = PBXFileReference; lastKnownFileType = file.storyboard; name = Base; path = Base.lproj/Main.storyboard; sourceTree = "<group>"; };
		237FE26F19EC73AF005C8BEE /* Images.xcassets */ = {isa = PBXFileReference; lastKnownFileType = folder.assetcatalog; path = Images.xcassets; sourceTree = "<group>"; };
		237FE27219EC73AF005C8BEE /* Base */ = {isa = PBXFileReference; lastKnownFileType = file.xib; name = Base; path = Base.lproj/LaunchScreen.xib; sourceTree = "<group>"; };
		237FE27819EC73AF005C8BEE /* RottenTomatoesDemoTests.xctest */ = {isa = PBXFileReference; explicitFileType = wrapper.cfbundle; includeInIndex = 0; path = RottenTomatoesDemoTests.xctest; sourceTree = BUILT_PRODUCTS_DIR; };
		237FE27D19EC73AF005C8BEE /* Info.plist */ = {isa = PBXFileReference; lastKnownFileType = text.plist.xml; path = Info.plist; sourceTree = "<group>"; };
		237FE27E19EC73AF005C8BEE /* RottenTomatoesDemoTests.m */ = {isa = PBXFileReference; lastKnownFileType = sourcecode.c.objc; path = RottenTomatoesDemoTests.m; sourceTree = "<group>"; };
		237FE28919EC73D9005C8BEE /* MovieIndexViewController.h */ = {isa = PBXFileReference; fileEncoding = 4; lastKnownFileType = sourcecode.c.h; path = MovieIndexViewController.h; sourceTree = "<group>"; };
		237FE28A19EC73D9005C8BEE /* MovieIndexViewController.m */ = {isa = PBXFileReference; fileEncoding = 4; lastKnownFileType = sourcecode.c.objc; path = MovieIndexViewController.m; sourceTree = "<group>"; };
		237FE28B19EC73D9005C8BEE /* MovieIndexViewController.xib */ = {isa = PBXFileReference; fileEncoding = 4; lastKnownFileType = file.xib; path = MovieIndexViewController.xib; sourceTree = "<group>"; };
		237FE28F19EC77F1005C8BEE /* MovieTableViewCell.h */ = {isa = PBXFileReference; fileEncoding = 4; lastKnownFileType = sourcecode.c.h; path = MovieTableViewCell.h; sourceTree = "<group>"; };
		237FE29019EC77F1005C8BEE /* MovieTableViewCell.m */ = {isa = PBXFileReference; fileEncoding = 4; lastKnownFileType = sourcecode.c.objc; path = MovieTableViewCell.m; sourceTree = "<group>"; };
		237FE29119EC77F1005C8BEE /* MovieTableViewCell.xib */ = {isa = PBXFileReference; fileEncoding = 4; lastKnownFileType = file.xib; path = MovieTableViewCell.xib; sourceTree = "<group>"; };
		237FE29519EC8053005C8BEE /* MovieDetailViewController.h */ = {isa = PBXFileReference; fileEncoding = 4; lastKnownFileType = sourcecode.c.h; path = MovieDetailViewController.h; sourceTree = "<group>"; };
		237FE29619EC8053005C8BEE /* MovieDetailViewController.m */ = {isa = PBXFileReference; fileEncoding = 4; lastKnownFileType = sourcecode.c.objc; path = MovieDetailViewController.m; sourceTree = "<group>"; };
		237FE29719EC8053005C8BEE /* MovieDetailViewController.xib */ = {isa = PBXFileReference; fileEncoding = 4; lastKnownFileType = file.xib; path = MovieDetailViewController.xib; sourceTree = "<group>"; };
		DD6EA3A76D088142F5885CC2 /* Pods.debug.xcconfig */ = {isa = PBXFileReference; includeInIndex = 1; lastKnownFileType = text.xcconfig; name = Pods.debug.xcconfig; path = "Pods/Target Support Files/Pods/Pods.debug.xcconfig"; sourceTree = "<group>"; };
/* End PBXFileReference section */

/* Begin PBXFrameworksBuildPhase section */
		237FE25C19EC73AF005C8BEE /* Frameworks */ = {
			isa = PBXFrameworksBuildPhase;
			buildActionMask = 2147483647;
			files = (
				3E2F9E89EE1FEB2668269A4A /* libPods.a in Frameworks */,
			);
			runOnlyForDeploymentPostprocessing = 0;
		};
		237FE27519EC73AF005C8BEE /* Frameworks */ = {
			isa = PBXFrameworksBuildPhase;
			buildActionMask = 2147483647;
			files = (
			);
			runOnlyForDeploymentPostprocessing = 0;
		};
/* End PBXFrameworksBuildPhase section */

/* Begin PBXGroup section */
		237FE25619EC73AF005C8BEE = {
			isa = PBXGroup;
			children = (
				237FE26119EC73AF005C8BEE /* RottenTomatoesDemo */,
				237FE27B19EC73AF005C8BEE /* RottenTomatoesDemoTests */,
				237FE26019EC73AF005C8BEE /* Products */,
				EAFE34E4721C3743C5BB3D4D /* Pods */,
				732C1236EE1A4016BB1D421A /* Frameworks */,
			);
			sourceTree = "<group>";
		};
		237FE26019EC73AF005C8BEE /* Products */ = {
			isa = PBXGroup;
			children = (
				237FE25F19EC73AF005C8BEE /* RottenTomatoesDemo.app */,
				237FE27819EC73AF005C8BEE /* RottenTomatoesDemoTests.xctest */,
			);
			name = Products;
			sourceTree = "<group>";
		};
		237FE26119EC73AF005C8BEE /* RottenTomatoesDemo */ = {
			isa = PBXGroup;
			children = (
				237FE29419EC8035005C8BEE /* MovieDetailViewController */,
				237FE28E19EC77CD005C8BEE /* MovieTableViewCell */,
				237FE28819EC73B6005C8BEE /* MovieIndexViewController */,
				237FE26619EC73AF005C8BEE /* AppDelegate.h */,
				237FE26719EC73AF005C8BEE /* AppDelegate.m */,
				237FE26C19EC73AF005C8BEE /* Main.storyboard */,
				237FE26F19EC73AF005C8BEE /* Images.xcassets */,
				237FE27119EC73AF005C8BEE /* LaunchScreen.xib */,
				237FE26219EC73AF005C8BEE /* Supporting Files */,
			);
			path = RottenTomatoesDemo;
			sourceTree = "<group>";
		};
		237FE26219EC73AF005C8BEE /* Supporting Files */ = {
			isa = PBXGroup;
			children = (
				237FE26319EC73AF005C8BEE /* Info.plist */,
				237FE26419EC73AF005C8BEE /* main.m */,
			);
			name = "Supporting Files";
			sourceTree = "<group>";
		};
		237FE27B19EC73AF005C8BEE /* RottenTomatoesDemoTests */ = {
			isa = PBXGroup;
			children = (
				237FE27E19EC73AF005C8BEE /* RottenTomatoesDemoTests.m */,
				237FE27C19EC73AF005C8BEE /* Supporting Files */,
			);
			path = RottenTomatoesDemoTests;
			sourceTree = "<group>";
		};
		237FE27C19EC73AF005C8BEE /* Supporting Files */ = {
			isa = PBXGroup;
			children = (
				237FE27D19EC73AF005C8BEE /* Info.plist */,
			);
			name = "Supporting Files";
			sourceTree = "<group>";
		};
		237FE28819EC73B6005C8BEE /* MovieIndexViewController */ = {
			isa = PBXGroup;
			children = (
				237FE28919EC73D9005C8BEE /* MovieIndexViewController.h */,
				237FE28A19EC73D9005C8BEE /* MovieIndexViewController.m */,
				237FE28B19EC73D9005C8BEE /* MovieIndexViewController.xib */,
			);
			name = MovieIndexViewController;
			sourceTree = "<group>";
		};
		237FE28E19EC77CD005C8BEE /* MovieTableViewCell */ = {
			isa = PBXGroup;
			children = (
				237FE28F19EC77F1005C8BEE /* MovieTableViewCell.h */,
				237FE29019EC77F1005C8BEE /* MovieTableViewCell.m */,
				237FE29119EC77F1005C8BEE /* MovieTableViewCell.xib */,
			);
			name = MovieTableViewCell;
			sourceTree = "<group>";
		};
		237FE29419EC8035005C8BEE /* MovieDetailViewController */ = {
			isa = PBXGroup;
			children = (
				237FE29519EC8053005C8BEE /* MovieDetailViewController.h */,
				237FE29619EC8053005C8BEE /* MovieDetailViewController.m */,
				237FE29719EC8053005C8BEE /* MovieDetailViewController.xib */,
			);
			name = MovieDetailViewController;
			sourceTree = "<group>";
		};
		732C1236EE1A4016BB1D421A /* Frameworks */ = {
			isa = PBXGroup;
			children = (
				1E240349A66D90FA3D35F3DC /* libPods.a */,
			);
			name = Frameworks;
			sourceTree = "<group>";
		};
		EAFE34E4721C3743C5BB3D4D /* Pods */ = {
			isa = PBXGroup;
			children = (
				DD6EA3A76D088142F5885CC2 /* Pods.debug.xcconfig */,
				00BA6E7C9F7579426CA63B0E /* Pods.release.xcconfig */,
			);
			name = Pods;
			sourceTree = "<group>";
		};
/* End PBXGroup section */

/* Begin PBXNativeTarget section */
		237FE25E19EC73AF005C8BEE /* RottenTomatoesDemo */ = {
			isa = PBXNativeTarget;
			buildConfigurationList = 237FE28219EC73AF005C8BEE /* Build configuration list for PBXNativeTarget "RottenTomatoesDemo" */;
			buildPhases = (
				0170D250C5A64CA30D773682 /* Check Pods Manifest.lock */,
				237FE25B19EC73AF005C8BEE /* Sources */,
				237FE25C19EC73AF005C8BEE /* Frameworks */,
				237FE25D19EC73AF005C8BEE /* Resources */,
				B99C2A31E13719AE7665ACCB /* Copy Pods Resources */,
			);
			buildRules = (
			);
			dependencies = (
			);
			name = RottenTomatoesDemo;
			productName = RottenTomatoesDemo;
			productReference = 237FE25F19EC73AF005C8BEE /* RottenTomatoesDemo.app */;
			productType = "com.apple.product-type.application";
		};
		237FE27719EC73AF005C8BEE /* RottenTomatoesDemoTests */ = {
			isa = PBXNativeTarget;
			buildConfigurationList = 237FE28519EC73AF005C8BEE /* Build configuration list for PBXNativeTarget "RottenTomatoesDemoTests" */;
			buildPhases = (
				237FE27419EC73AF005C8BEE /* Sources */,
				237FE27519EC73AF005C8BEE /* Frameworks */,
				237FE27619EC73AF005C8BEE /* Resources */,
			);
			buildRules = (
			);
			dependencies = (
				237FE27A19EC73AF005C8BEE /* PBXTargetDependency */,
			);
			name = RottenTomatoesDemoTests;
			productName = RottenTomatoesDemoTests;
			productReference = 237FE27819EC73AF005C8BEE /* RottenTomatoesDemoTests.xctest */;
			productType = "com.apple.product-type.bundle.unit-test";
		};
/* End PBXNativeTarget section */

/* Begin PBXProject section */
		237FE25719EC73AF005C8BEE /* Project object */ = {
			isa = PBXProject;
			attributes = {
				LastUpgradeCheck = 0600;
				ORGANIZATIONNAME = "Alan McConnell";
				TargetAttributes = {
					237FE25E19EC73AF005C8BEE = {
						CreatedOnToolsVersion = 6.0.1;
					};
					237FE27719EC73AF005C8BEE = {
						CreatedOnToolsVersion = 6.0.1;
						TestTargetID = 237FE25E19EC73AF005C8BEE;
					};
				};
			};
			buildConfigurationList = 237FE25A19EC73AF005C8BEE /* Build configuration list for PBXProject "RottenTomatoesDemo" */;
			compatibilityVersion = "Xcode 3.2";
			developmentRegion = English;
			hasScannedForEncodings = 0;
			knownRegions = (
				en,
				Base,
			);
			mainGroup = 237FE25619EC73AF005C8BEE;
			productRefGroup = 237FE26019EC73AF005C8BEE /* Products */;
			projectDirPath = "";
			projectRoot = "";
			targets = (
				237FE25E19EC73AF005C8BEE /* RottenTomatoesDemo */,
				237FE27719EC73AF005C8BEE /* RottenTomatoesDemoTests */,
			);
		};
/* End PBXProject section */

/* Begin PBXResourcesBuildPhase section */
		237FE25D19EC73AF005C8BEE /* Resources */ = {
			isa = PBXResourcesBuildPhase;
			buildActionMask = 2147483647;
			files = (
				237FE29919EC8053005C8BEE /* MovieDetailViewController.xib in Resources */,
				237FE28D19EC73D9005C8BEE /* MovieIndexViewController.xib in Resources */,
				237FE29319EC77F1005C8BEE /* MovieTableViewCell.xib in Resources */,
				237FE26E19EC73AF005C8BEE /* Main.storyboard in Resources */,
				237FE27319EC73AF005C8BEE /* LaunchScreen.xib in Resources */,
				237FE27019EC73AF005C8BEE /* Images.xcassets in Resources */,
			);
			runOnlyForDeploymentPostprocessing = 0;
		};
		237FE27619EC73AF005C8BEE /* Resources */ = {
			isa = PBXResourcesBuildPhase;
			buildActionMask = 2147483647;
			files = (
			);
			runOnlyForDeploymentPostprocessing = 0;
		};
/* End PBXResourcesBuildPhase section */

/* Begin PBXShellScriptBuildPhase section */
		0170D250C5A64CA30D773682 /* Check Pods Manifest.lock */ = {
			isa = PBXShellScriptBuildPhase;
			buildActionMask = 2147483647;
			files = (
			);
			inputPaths = (
			);
			name = "Check Pods Manifest.lock";
			outputPaths = (
			);
			runOnlyForDeploymentPostprocessing = 0;
			shellPath = /bin/sh;
			shellScript = "diff \"${PODS_ROOT}/../Podfile.lock\" \"${PODS_ROOT}/Manifest.lock\" > /dev/null\nif [[ $? != 0 ]] ; then\n    cat << EOM\nerror: The sandbox is not in sync with the Podfile.lock. Run 'pod install' or update your CocoaPods installation.\nEOM\n    exit 1\nfi\n";
			showEnvVarsInLog = 0;
		};
		B99C2A31E13719AE7665ACCB /* Copy Pods Resources */ = {
			isa = PBXShellScriptBuildPhase;
			buildActionMask = 2147483647;
			files = (
			);
			inputPaths = (
			);
			name = "Copy Pods Resources";
			outputPaths = (
			);
			runOnlyForDeploymentPostprocessing = 0;
			shellPath = /bin/sh;
			shellScript = "\"${SRCROOT}/Pods/Target Support Files/Pods/Pods-resources.sh\"\n";
			showEnvVarsInLog = 0;
		};
/* End PBXShellScriptBuildPhase section */

/* Begin PBXSourcesBuildPhase section */
		237FE25B19EC73AF005C8BEE /* Sources */ = {
			isa = PBXSourcesBuildPhase;
			buildActionMask = 2147483647;
			files = (
				237FE29819EC8053005C8BEE /* MovieDetailViewController.m in Sources */,
				237FE28C19EC73D9005C8BEE /* MovieIndexViewController.m in Sources */,
				237FE26819EC73AF005C8BEE /* AppDelegate.m in Sources */,
				237FE29219EC77F1005C8BEE /* MovieTableViewCell.m in Sources */,
				237FE26519EC73AF005C8BEE /* main.m in Sources */,
			);
			runOnlyForDeploymentPostprocessing = 0;
		};
		237FE27419EC73AF005C8BEE /* Sources */ = {
			isa = PBXSourcesBuildPhase;
			buildActionMask = 2147483647;
			files = (
				237FE27F19EC73AF005C8BEE /* RottenTomatoesDemoTests.m in Sources */,
			);
			runOnlyForDeploymentPostprocessing = 0;
		};
/* End PBXSourcesBuildPhase section */

/* Begin PBXTargetDependency section */
		237FE27A19EC73AF005C8BEE /* PBXTargetDependency */ = {
			isa = PBXTargetDependency;
			target = 237FE25E19EC73AF005C8BEE /* RottenTomatoesDemo */;
			targetProxy = 237FE27919EC73AF005C8BEE /* PBXContainerItemProxy */;
		};
/* End PBXTargetDependency section */

/* Begin PBXVariantGroup section */
		237FE26C19EC73AF005C8BEE /* Main.storyboard */ = {
			isa = PBXVariantGroup;
			children = (
				237FE26D19EC73AF005C8BEE /* Base */,
			);
			name = Main.storyboard;
			sourceTree = "<group>";
		};
		237FE27119EC73AF005C8BEE /* LaunchScreen.xib */ = {
			isa = PBXVariantGroup;
			children = (
				237FE27219EC73AF005C8BEE /* Base */,
			);
			name = LaunchScreen.xib;
			sourceTree = "<group>";
		};
/* End PBXVariantGroup section */

/* Begin XCBuildConfiguration section */
		237FE28019EC73AF005C8BEE /* Debug */ = {
			isa = XCBuildConfiguration;
			buildSettings = {
				ALWAYS_SEARCH_USER_PATHS = NO;
				CLANG_CXX_LANGUAGE_STANDARD = "gnu++0x";
				CLANG_CXX_LIBRARY = "libc++";
				CLANG_ENABLE_MODULES = YES;
				CLANG_ENABLE_OBJC_ARC = YES;
				CLANG_WARN_BOOL_CONVERSION = YES;
				CLANG_WARN_CONSTANT_CONVERSION = YES;
				CLANG_WARN_DIRECT_OBJC_ISA_USAGE = YES_ERROR;
				CLANG_WARN_EMPTY_BODY = YES;
				CLANG_WARN_ENUM_CONVERSION = YES;
				CLANG_WARN_INT_CONVERSION = YES;
				CLANG_WARN_OBJC_ROOT_CLASS = YES_ERROR;
				CLANG_WARN_UNREACHABLE_CODE = YES;
				CLANG_WARN__DUPLICATE_METHOD_MATCH = YES;
				"CODE_SIGN_IDENTITY[sdk=iphoneos*]" = "iPhone Developer";
				COPY_PHASE_STRIP = NO;
				ENABLE_STRICT_OBJC_MSGSEND = YES;
				GCC_C_LANGUAGE_STANDARD = gnu99;
				GCC_DYNAMIC_NO_PIC = NO;
				GCC_OPTIMIZATION_LEVEL = 0;
				GCC_PREPROCESSOR_DEFINITIONS = (
					"DEBUG=1",
					"$(inherited)",
				);
				GCC_SYMBOLS_PRIVATE_EXTERN = NO;
				GCC_WARN_64_TO_32_BIT_CONVERSION = YES;
				GCC_WARN_ABOUT_RETURN_TYPE = YES_ERROR;
				GCC_WARN_UNDECLARED_SELECTOR = YES;
				GCC_WARN_UNINITIALIZED_AUTOS = YES_AGGRESSIVE;
				GCC_WARN_UNUSED_FUNCTION = YES;
				GCC_WARN_UNUSED_VARIABLE = YES;
				IPHONEOS_DEPLOYMENT_TARGET = 8.0;
				MTL_ENABLE_DEBUG_INFO = YES;
				ONLY_ACTIVE_ARCH = YES;
				SDKROOT = iphoneos;
			};
			name = Debug;
		};
		237FE28119EC73AF005C8BEE /* Release */ = {
			isa = XCBuildConfiguration;
			buildSettings = {
				ALWAYS_SEARCH_USER_PATHS = NO;
				CLANG_CXX_LANGUAGE_STANDARD = "gnu++0x";
				CLANG_CXX_LIBRARY = "libc++";
				CLANG_ENABLE_MODULES = YES;
				CLANG_ENABLE_OBJC_ARC = YES;
				CLANG_WARN_BOOL_CONVERSION = YES;
				CLANG_WARN_CONSTANT_CONVERSION = YES;
				CLANG_WARN_DIRECT_OBJC_ISA_USAGE = YES_ERROR;
				CLANG_WARN_EMPTY_BODY = YES;
				CLANG_WARN_ENUM_CONVERSION = YES;
				CLANG_WARN_INT_CONVERSION = YES;
				CLANG_WARN_OBJC_ROOT_CLASS = YES_ERROR;
				CLANG_WARN_UNREACHABLE_CODE = YES;
				CLANG_WARN__DUPLICATE_METHOD_MATCH = YES;
				"CODE_SIGN_IDENTITY[sdk=iphoneos*]" = "iPhone Developer";
				COPY_PHASE_STRIP = YES;
				ENABLE_NS_ASSERTIONS = NO;
				ENABLE_STRICT_OBJC_MSGSEND = YES;
				GCC_C_LANGUAGE_STANDARD = gnu99;
				GCC_WARN_64_TO_32_BIT_CONVERSION = YES;
				GCC_WARN_ABOUT_RETURN_TYPE = YES_ERROR;
				GCC_WARN_UNDECLARED_SELECTOR = YES;
				GCC_WARN_UNINITIALIZED_AUTOS = YES_AGGRESSIVE;
				GCC_WARN_UNUSED_FUNCTION = YES;
				GCC_WARN_UNUSED_VARIABLE = YES;
				IPHONEOS_DEPLOYMENT_TARGET = 8.0;
				MTL_ENABLE_DEBUG_INFO = NO;
				SDKROOT = iphoneos;
				VALIDATE_PRODUCT = YES;
			};
			name = Release;
		};
		237FE28319EC73AF005C8BEE /* Debug */ = {
			isa = XCBuildConfiguration;
			baseConfigurationReference = DD6EA3A76D088142F5885CC2 /* Pods.debug.xcconfig */;
			buildSettings = {
				ASSETCATALOG_COMPILER_APPICON_NAME = AppIcon;
				INFOPLIST_FILE = RottenTomatoesDemo/Info.plist;
				IPHONEOS_DEPLOYMENT_TARGET = 7.0;
				LD_RUNPATH_SEARCH_PATHS = "$(inherited) @executable_path/Frameworks";
				PRODUCT_NAME = "$(TARGET_NAME)";
			};
			name = Debug;
		};
		237FE28419EC73AF005C8BEE /* Release */ = {
			isa = XCBuildConfiguration;
			baseConfigurationReference = 00BA6E7C9F7579426CA63B0E /* Pods.release.xcconfig */;
			buildSettings = {
				ASSETCATALOG_COMPILER_APPICON_NAME = AppIcon;
				INFOPLIST_FILE = RottenTomatoesDemo/Info.plist;
				IPHONEOS_DEPLOYMENT_TARGET = 7.0;
				LD_RUNPATH_SEARCH_PATHS = "$(inherited) @executable_path/Frameworks";
				PRODUCT_NAME = "$(TARGET_NAME)";
			};
			name = Release;
		};
		237FE28619EC73AF005C8BEE /* Debug */ = {
			isa = XCBuildConfiguration;
			buildSettings = {
				BUNDLE_LOADER = "$(TEST_HOST)";
				FRAMEWORK_SEARCH_PATHS = (
					"$(SDKROOT)/Developer/Library/Frameworks",
					"$(inherited)",
				);
				GCC_PREPROCESSOR_DEFINITIONS = (
					"DEBUG=1",
					"$(inherited)",
				);
				INFOPLIST_FILE = RottenTomatoesDemoTests/Info.plist;
				LD_RUNPATH_SEARCH_PATHS = "$(inherited) @executable_path/Frameworks @loader_path/Frameworks";
				PRODUCT_NAME = "$(TARGET_NAME)";
				TEST_HOST = "$(BUILT_PRODUCTS_DIR)/RottenTomatoesDemo.app/RottenTomatoesDemo";
			};
			name = Debug;
		};
		237FE28719EC73AF005C8BEE /* Release */ = {
			isa = XCBuildConfiguration;
			buildSettings = {
				BUNDLE_LOADER = "$(TEST_HOST)";
				FRAMEWORK_SEARCH_PATHS = (
					"$(SDKROOT)/Developer/Library/Frameworks",
					"$(inherited)",
				);
				INFOPLIST_FILE = RottenTomatoesDemoTests/Info.plist;
				LD_RUNPATH_SEARCH_PATHS = "$(inherited) @executable_path/Frameworks @loader_path/Frameworks";
				PRODUCT_NAME = "$(TARGET_NAME)";
				TEST_HOST = "$(BUILT_PRODUCTS_DIR)/RottenTomatoesDemo.app/RottenTomatoesDemo";
			};
			name = Release;
		};
/* End XCBuildConfiguration section */

/* Begin XCConfigurationList section */
		237FE25A19EC73AF005C8BEE /* Build configuration list for PBXProject "RottenTomatoesDemo" */ = {
			isa = XCConfigurationList;
			buildConfigurations = (
				237FE28019EC73AF005C8BEE /* Debug */,
				237FE28119EC73AF005C8BEE /* Release */,
			);
			defaultConfigurationIsVisible = 0;
			defaultConfigurationName = Release;
		};
		237FE28219EC73AF005C8BEE /* Build configuration list for PBXNativeTarget "RottenTomatoesDemo" */ = {
			isa = XCConfigurationList;
			buildConfigurations = (
				237FE28319EC73AF005C8BEE /* Debug */,
				237FE28419EC73AF005C8BEE /* Release */,
			);
			defaultConfigurationIsVisible = 0;
			defaultConfigurationName = Release;
		};
		237FE28519EC73AF005C8BEE /* Build configuration list for PBXNativeTarget "RottenTomatoesDemoTests" */ = {
			isa = XCConfigurationList;
			buildConfigurations = (
				237FE28619EC73AF005C8BEE /* Debug */,
				237FE28719EC73AF005C8BEE /* Release */,
			);
			defaultConfigurationIsVisible = 0;
			defaultConfigurationName = Release;
		};
/* End XCConfigurationList section */
	};
	rootObject = 237FE25719EC73AF005C8BEE /* Project object */;
}
